
Microsoft Visual Studio Solution File, Format Version 12.00
# Visual Studio Version 17
VisualStudioVersion = 17.0.32014.148
MinimumVisualStudioVersion = 10.0.40219.1
Project("{FAE04EC0-301F-11D3-BF4B-00C04F79EFBC}") = "IMGChnager", "IMGChnager\IMGChnager.csproj", "{E99FD9C1-B6FB-488D-80A2-D80198D80916}"
EndProject
Global
	GlobalSection(SolutionConfigurationPlatforms) = preSolution
		Debug|Any CPU = Debug|Any CPU
		Release|Any CPU = Release|Any CPU
	EndGlobalSection
	GlobalSection(ProjectConfigurationPlatforms) = postSolution
		{E99FD9C1-B6FB-488D-80A2-D80198D80916}.Debug|Any CPU.ActiveCfg = Debug|Any CPU
		{E99FD9C1-B6FB-488D-80A2-D80198D80916}.Debug|Any CPU.Build.0 = Debug|Any CPU
		{E99FD9C1-B6FB-488D-80A2-D80198D80916}.Release|Any CPU.ActiveCfg = Release|Any CPU
		{E99FD9C1-B6FB-488D-80A2-D80198D80916}.Release|Any CPU.Build.0 = Release|Any CPU
	EndGlobalSection
	GlobalSection(SolutionProperties) = preSolution
		HideSolutionNode = FALSE
	EndGlobalSection
	GlobalSection(ExtensibilityGlobals) = postSolution
		SolutionGuid = {FFE4EF74-E2A7-403D-9353-285652FB7C19}
	EndGlobalSection
EndGlobal
